
Microsoft Visual Studio Solution File, Format Version 12.00
# Visual Studio Version 17
VisualStudioVersion = 17.4.33213.308
MinimumVisualStudioVersion = 10.0.40219.1
Project("{FAE04EC0-301F-11D3-BF4B-00C04F79EFBC}") = "TooltipTemplate.Server", "Server\TooltipTemplate.Server.csproj", "{DCE4BDD5-1F67-4D45-80D5-5A5464494ADB}"
EndProject
Project("{FAE04EC0-301F-11D3-BF4B-00C04F79EFBC}") = "TooltipTemplate.Client", "Client\TooltipTemplate.Client.csproj", "{C47E6EBC-F1B6-4B37-86B9-AD91C594DA98}"
EndProject
Project("{FAE04EC0-301F-11D3-BF4B-00C04F79EFBC}") = "TooltipTemplate.Shared", "Shared\TooltipTemplate.Shared.csproj", "{9B48454F-BE9B-4712-95E4-67CE14DACF93}"
EndProject
Global
	GlobalSection(SolutionConfigurationPlatforms) = preSolution
		Debug|Any CPU = Debug|Any CPU
		Release|Any CPU = Release|Any CPU
	EndGlobalSection
	GlobalSection(ProjectConfigurationPlatforms) = postSolution
		{DCE4BDD5-1F67-4D45-80D5-5A5464494ADB}.Debug|Any CPU.ActiveCfg = Debug|Any CPU
		{DCE4BDD5-1F67-4D45-80D5-5A5464494ADB}.Debug|Any CPU.Build.0 = Debug|Any CPU
		{DCE4BDD5-1F67-4D45-80D5-5A5464494ADB}.Release|Any CPU.ActiveCfg = Release|Any CPU
		{DCE4BDD5-1F67-4D45-80D5-5A5464494ADB}.Release|Any CPU.Build.0 = Release|Any CPU
		{C47E6EBC-F1B6-4B37-86B9-AD91C594DA98}.Debug|Any CPU.ActiveCfg = Debug|Any CPU
		{C47E6EBC-F1B6-4B37-86B9-AD91C594DA98}.Debug|Any CPU.Build.0 = Debug|Any CPU
		{C47E6EBC-F1B6-4B37-86B9-AD91C594DA98}.Release|Any CPU.ActiveCfg = Release|Any CPU
		{C47E6EBC-F1B6-4B37-86B9-AD91C594DA98}.Release|Any CPU.Build.0 = Release|Any CPU
		{9B48454F-BE9B-4712-95E4-67CE14DACF93}.Debug|Any CPU.ActiveCfg = Debug|Any CPU
		{9B48454F-BE9B-4712-95E4-67CE14DACF93}.Debug|Any CPU.Build.0 = Debug|Any CPU
		{9B48454F-BE9B-4712-95E4-67CE14DACF93}.Release|Any CPU.ActiveCfg = Release|Any CPU
		{9B48454F-BE9B-4712-95E4-67CE14DACF93}.Release|Any CPU.Build.0 = Release|Any CPU
	EndGlobalSection
	GlobalSection(SolutionProperties) = preSolution
		HideSolutionNode = FALSE
	EndGlobalSection
	GlobalSection(ExtensibilityGlobals) = postSolution
		SolutionGuid = {C8325F9A-8B5C-4D70-950E-4D3E87BC1067}
	EndGlobalSection
EndGlobal
